// !$*UTF8*$!
{
	archiveVersion = 1;
	classes = {
	};
	objectVersion = 50;
	objects = {

/* Begin PBXBuildFile section */
		7B41BB9226A3F29F00477D34 /* AppDelegate.swift in Sources */ = {isa = PBXBuildFile; fileRef = 7B41BB9126A3F29F00477D34 /* AppDelegate.swift */; };
		7B41BB9426A3F29F00477D34 /* SceneDelegate.swift in Sources */ = {isa = PBXBuildFile; fileRef = 7B41BB9326A3F29F00477D34 /* SceneDelegate.swift */; };
		7B41BB9626A3F29F00477D34 /* ViewController.swift in Sources */ = {isa = PBXBuildFile; fileRef = 7B41BB9526A3F29F00477D34 /* ViewController.swift */; };
		7B41BB9926A3F29F00477D34 /* Main.storyboard in Resources */ = {isa = PBXBuildFile; fileRef = 7B41BB9726A3F29F00477D34 /* Main.storyboard */; };
		7B41BB9B26A3F2A200477D34 /* Assets.xcassets in Resources */ = {isa = PBXBuildFile; fileRef = 7B41BB9A26A3F2A200477D34 /* Assets.xcassets */; };
		7B41BB9E26A3F2A200477D34 /* LaunchScreen.storyboard in Resources */ = {isa = PBXBuildFile; fileRef = 7B41BB9C26A3F2A200477D34 /* LaunchScreen.storyboard */; };
		7B41BBA726A401ED00477D34 /* RocketSim Recording - iPhone 12 - 2021-07-18 15.29.05.gif in Resources */ = {isa = PBXBuildFile; fileRef = 7B41BBA626A401ED00477D34 /* RocketSim Recording - iPhone 12 - 2021-07-18 15.29.05.gif */; };
/* End PBXBuildFile section */

/* Begin PBXFileReference section */
		7B41BB8E26A3F29F00477D34 /* Sparkles.app */ = {isa = PBXFileReference; explicitFileType = wrapper.application; includeInIndex = 0; path = Sparkles.app; sourceTree = BUILT_PRODUCTS_DIR; };
		7B41BB9126A3F29F00477D34 /* AppDelegate.swift */ = {isa = PBXFileReference; lastKnownFileType = sourcecode.swift; path = AppDelegate.swift; sourceTree = "<group>"; };
		7B41BB9326A3F29F00477D34 /* SceneDelegate.swift */ = {isa = PBXFileReference; lastKnownFileType = sourcecode.swift; path = SceneDelegate.swift; sourceTree = "<group>"; };
		7B41BB9526A3F29F00477D34 /* ViewController.swift */ = {isa = PBXFileReference; lastKnownFileType = sourcecode.swift; path = ViewController.swift; sourceTree = "<group>"; };
		7B41BB9826A3F29F00477D34 /* Base */ = {isa = PBXFileReference; lastKnownFileType = file.storyboard; name = Base; path = Base.lproj/Main.storyboard; sourceTree = "<group>"; };
		7B41BB9A26A3F2A200477D34 /* Assets.xcassets */ = {isa = PBXFileReference; lastKnownFileType = folder.assetcatalog; path = Assets.xcassets; sourceTree = "<group>"; };
		7B41BB9D26A3F2A200477D34 /* Base */ = {isa = PBXFileReference; lastKnownFileType = file.storyboard; name = Base; path = Base.lproj/LaunchScreen.storyboard; sourceTree = "<group>"; };
		7B41BB9F26A3F2A200477D34 /* Info.plist */ = {isa = PBXFileReference; lastKnownFileType = text.plist.xml; path = Info.plist; sourceTree = "<group>"; };
		7B41BBA626A401ED00477D34 /* RocketSim Recording - iPhone 12 - 2021-07-18 15.29.05.gif */ = {isa = PBXFileReference; lastKnownFileType = image.gif; path = "RocketSim Recording - iPhone 12 - 2021-07-18 15.29.05.gif"; sourceTree = "<group>"; };
/* End PBXFileReference section */

/* Begin PBXFrameworksBuildPhase section */
		7B41BB8B26A3F29F00477D34 /* Frameworks */ = {
			isa = PBXFrameworksBuildPhase;
			buildActionMask = 2147483647;
			files = (
			);
			runOnlyForDeploymentPostprocessing = 0;
		};
/* End PBXFrameworksBuildPhase section */

/* Begin PBXGroup section */
		7B41BB8526A3F29F00477D34 = {
			isa = PBXGroup;
			children = (
				7B41BBA626A401ED00477D34 /* RocketSim Recording - iPhone 12 - 2021-07-18 15.29.05.gif */,
				7B41BB9026A3F29F00477D34 /* Sparkles */,
				7B41BB8F26A3F29F00477D34 /* Products */,
			);
			sourceTree = "<group>";
		};
		7B41BB8F26A3F29F00477D34 /* Products */ = {
			isa = PBXGroup;
			children = (
				7B41BB8E26A3F29F00477D34 /* Sparkles.app */,
			);
			name = Products;
			sourceTree = "<group>";
		};
		7B41BB9026A3F29F00477D34 /* Sparkles */ = {
			isa = PBXGroup;
			children = (
				7B41BB9126A3F29F00477D34 /* AppDelegate.swift */,
				7B41BB9326A3F29F00477D34 /* SceneDelegate.swift */,
				7B41BB9526A3F29F00477D34 /* ViewController.swift */,
				7B41BB9726A3F29F00477D34 /* Main.storyboard */,
				7B41BB9A26A3F2A200477D34 /* Assets.xcassets */,
				7B41BB9C26A3F2A200477D34 /* LaunchScreen.storyboard */,
				7B41BB9F26A3F2A200477D34 /* Info.plist */,
			);
			path = Sparkles;
			sourceTree = "<group>";
		};
/* End PBXGroup section */

/* Begin PBXNativeTarget section */
		7B41BB8D26A3F29F00477D34 /* Sparkles */ = {
			isa = PBXNativeTarget;
			buildConfigurationList = 7B41BBA226A3F2A200477D34 /* Build configuration list for PBXNativeTarget "Sparkles" */;
			buildPhases = (
				7B41BB8A26A3F29F00477D34 /* Sources */,
				7B41BB8B26A3F29F00477D34 /* Frameworks */,
				7B41BB8C26A3F29F00477D34 /* Resources */,
			);
			buildRules = (
			);
			dependencies = (
			);
			name = Sparkles;
			productName = Sparkles;
			productReference = 7B41BB8E26A3F29F00477D34 /* Sparkles.app */;
			productType = "com.apple.product-type.application";
		};
/* End PBXNativeTarget section */

/* Begin PBXProject section */
		7B41BB8626A3F29F00477D34 /* Project object */ = {
			isa = PBXProject;
			attributes = {
				LastSwiftUpdateCheck = 1240;
				LastUpgradeCheck = 1240;
				TargetAttributes = {
					7B41BB8D26A3F29F00477D34 = {
						CreatedOnToolsVersion = 12.4;
					};
				};
			};
			buildConfigurationList = 7B41BB8926A3F29F00477D34 /* Build configuration list for PBXProject "Sparkles" */;
			compatibilityVersion = "Xcode 9.3";
			developmentRegion = en;
			hasScannedForEncodings = 0;
			knownRegions = (
				en,
				Base,
			);
			mainGroup = 7B41BB8526A3F29F00477D34;
			productRefGroup = 7B41BB8F26A3F29F00477D34 /* Products */;
			projectDirPath = "";
			projectRoot = "";
			targets = (
				7B41BB8D26A3F29F00477D34 /* Sparkles */,
			);
		};
/* End PBXProject section */

/* Begin PBXResourcesBuildPhase section */
		7B41BB8C26A3F29F00477D34 /* Resources */ = {
			isa = PBXResourcesBuildPhase;
			buildActionMask = 2147483647;
			files = (
				7B41BBA726A401ED00477D34 /* RocketSim Recording - iPhone 12 - 2021-07-18 15.29.05.gif in Resources */,
				7B41BB9E26A3F2A200477D34 /* LaunchScreen.storyboard in Resources */,
				7B41BB9B26A3F2A200477D34 /* Assets.xcassets in Resources */,
				7B41BB9926A3F29F00477D34 /* Main.storyboard in Resources */,
			);
			runOnlyForDeploymentPostprocessing = 0;
		};
/* End PBXResourcesBuildPhase section */

/* Begin PBXSourcesBuildPhase section */
		7B41BB8A26A3F29F00477D34 /* Sources */ = {
			isa = PBXSourcesBuildPhase;
			buildActionMask = 2147483647;
			files = (
				7B41BB9626A3F29F00477D34 /* ViewController.swift in Sources */,
				7B41BB9226A3F29F00477D34 /* AppDelegate.swift in Sources */,
				7B41BB9426A3F29F00477D34 /* SceneDelegate.swift in Sources */,
			);
			runOnlyForDeploymentPostprocessing = 0;
		};
/* End PBXSourcesBuildPhase section */

/* Begin PBXVariantGroup section */
		7B41BB9726A3F29F00477D34 /* Main.storyboard */ = {
			isa = PBXVariantGroup;
			children = (
				7B41BB9826A3F29F00477D34 /* Base */,
			);
			name = Main.storyboard;
			sourceTree = "<group>";
		};
		7B41BB9C26A3F2A200477D34 /* LaunchScreen.storyboard */ = {
			isa = PBXVariantGroup;
			children = (
				7B41BB9D26A3F2A200477D34 /* Base */,
			);
			name = LaunchScreen.storyboard;
			sourceTree = "<group>";
		};
/* End PBXVariantGroup section */

/* Begin XCBuildConfiguration section */
		7B41BBA026A3F2A200477D34 /* Debug */ = {
			isa = XCBuildConfiguration;
			buildSettings = {
				ALWAYS_SEARCH_USER_PATHS = NO;
				CLANG_ANALYZER_NONNULL = YES;
				CLANG_ANALYZER_NUMBER_OBJECT_CONVERSION = YES_AGGRESSIVE;
				CLANG_CXX_LANGUAGE_STANDARD = "gnu++14";
				CLANG_CXX_LIBRARY = "libc++";
				CLANG_ENABLE_MODULES = YES;
				CLANG_ENABLE_OBJC_ARC = YES;
				CLANG_ENABLE_OBJC_WEAK = YES;
				CLANG_WARN_BLOCK_CAPTURE_AUTORELEASING = YES;
				CLANG_WARN_BOOL_CONVERSION = YES;
				CLANG_WARN_COMMA = YES;
				CLANG_WARN_CONSTANT_CONVERSION = YES;
				CLANG_WARN_DEPRECATED_OBJC_IMPLEMENTATIONS = YES;
				CLANG_WARN_DIRECT_OBJC_ISA_USAGE = YES_ERROR;
				CLANG_WARN_DOCUMENTATION_COMMENTS = YES;
				CLANG_WARN_EMPTY_BODY = YES;
				CLANG_WARN_ENUM_CONVERSION = YES;
				CLANG_WARN_INFINITE_RECURSION = YES;
				CLANG_WARN_INT_CONVERSION = YES;
				CLANG_WARN_NON_LITERAL_NULL_CONVERSION = YES;
				CLANG_WARN_OBJC_IMPLICIT_RETAIN_SELF = YES;
				CLANG_WARN_OBJC_LITERAL_CONVERSION = YES;
				CLANG_WARN_OBJC_ROOT_CLASS = YES_ERROR;
				CLANG_WARN_QUOTED_INCLUDE_IN_FRAMEWORK_HEADER = YES;
				CLANG_WARN_RANGE_LOOP_ANALYSIS = YES;
				CLANG_WARN_STRICT_PROTOTYPES = YES;
				CLANG_WARN_SUSPICIOUS_MOVE = YES;
				CLANG_WARN_UNGUARDED_AVAILABILITY = YES_AGGRESSIVE;
				CLANG_WARN_UNREACHABLE_CODE = YES;
				CLANG_WARN__DUPLICATE_METHOD_MATCH = YES;
				COPY_PHASE_STRIP = NO;
				DEBUG_INFORMATION_FORMAT = dwarf;
				ENABLE_STRICT_OBJC_MSGSEND = YES;
				ENABLE_TESTABILITY = YES;
				GCC_C_LANGUAGE_STANDARD = gnu11;
				GCC_DYNAMIC_NO_PIC = NO;
				GCC_NO_COMMON_BLOCKS = YES;
				GCC_OPTIMIZATION_LEVEL = 0;
				GCC_PREPROCESSOR_DEFINITIONS = (
					"DEBUG=1",
					"$(inherited)",
				);
				GCC_WARN_64_TO_32_BIT_CONVERSION = YES;
				GCC_WARN_ABOUT_RETURN_TYPE = YES_ERROR;
				GCC_WARN_UNDECLARED_SELECTOR = YES;
				GCC_WARN_UNINITIALIZED_AUTOS = YES_AGGRESSIVE;
				GCC_WARN_UNUSED_FUNCTION = YES;
				GCC_WARN_UNUSED_VARIABLE = YES;
				IPHONEOS_DEPLOYMENT_TARGET = 14.4;
				MTL_ENABLE_DEBUG_INFO = INCLUDE_SOURCE;
				MTL_FAST_MATH = YES;
				ONLY_ACTIVE_ARCH = YES;
				SDKROOT = iphoneos;
				SWIFT_ACTIVE_COMPILATION_CONDITIONS = DEBUG;
				SWIFT_OPTIMIZATION_LEVEL = "-Onone";
			};
			name = Debug;
		};
		7B41BBA126A3F2A200477D34 /* Release */ = {
			isa = XCBuildConfiguration;
			buildSettings = {
				ALWAYS_SEARCH_USER_PATHS = NO;
				CLANG_ANALYZER_NONNULL = YES;
				CLANG_ANALYZER_NUMBER_OBJECT_CONVERSION = YES_AGGRESSIVE;
				CLANG_CXX_LANGUAGE_STANDARD = "gnu++14";
				CLANG_CXX_LIBRARY = "libc++";
				CLANG_ENABLE_MODULES = YES;
				CLANG_ENABLE_OBJC_ARC = YES;
				CLANG_ENABLE_OBJC_WEAK = YES;
				CLANG_WARN_BLOCK_CAPTURE_AUTORELEASING = YES;
				CLANG_WARN_BOOL_CONVERSION = YES;
				CLANG_WARN_COMMA = YES;
				CLANG_WARN_CONSTANT_CONVERSION = YES;
				CLANG_WARN_DEPRECATED_OBJC_IMPLEMENTATIONS = YES;
				CLANG_WARN_DIRECT_OBJC_ISA_USAGE = YES_ERROR;
				CLANG_WARN_DOCUMENTATION_COMMENTS = YES;
				CLANG_WARN_EMPTY_BODY = YES;
				CLANG_WARN_ENUM_CONVERSION = YES;
				CLANG_WARN_INFINITE_RECURSION = YES;
				CLANG_WARN_INT_CONVERSION = YES;
				CLANG_WARN_NON_LITERAL_NULL_CONVERSION = YES;
				CLANG_WARN_OBJC_IMPLICIT_RETAIN_SELF = YES;
				CLANG_WARN_OBJC_LITERAL_CONVERSION = YES;
				CLANG_WARN_OBJC_ROOT_CLASS = YES_ERROR;
				CLANG_WARN_QUOTED_INCLUDE_IN_FRAMEWORK_HEADER = YES;
				CLANG_WARN_RANGE_LOOP_ANALYSIS = YES;
				CLANG_WARN_STRICT_PROTOTYPES = YES;
				CLANG_WARN_SUSPICIOUS_MOVE = YES;
				CLANG_WARN_UNGUARDED_AVAILABILITY = YES_AGGRESSIVE;
				CLANG_WARN_UNREACHABLE_CODE = YES;
				CLANG_WARN__DUPLICATE_METHOD_MATCH = YES;
				COPY_PHASE_STRIP = NO;
				DEBUG_INFORMATION_FORMAT = "dwarf-with-dsym";
				ENABLE_NS_ASSERTIONS = NO;
				ENABLE_STRICT_OBJC_MSGSEND = YES;
				GCC_C_LANGUAGE_STANDARD = gnu11;
				GCC_NO_COMMON_BLOCKS = YES;
				GCC_WARN_64_TO_32_BIT_CONVERSION = YES;
				GCC_WARN_ABOUT_RETURN_TYPE = YES_ERROR;
				GCC_WARN_UNDECLARED_SELECTOR = YES;
				GCC_WARN_UNINITIALIZED_AUTOS = YES_AGGRESSIVE;
				GCC_WARN_UNUSED_FUNCTION = YES;
				GCC_WARN_UNUSED_VARIABLE = YES;
				IPHONEOS_DEPLOYMENT_TARGET = 14.4;
				MTL_ENABLE_DEBUG_INFO = NO;
				MTL_FAST_MATH = YES;
				SDKROOT = iphoneos;
				SWIFT_COMPILATION_MODE = wholemodule;
				SWIFT_OPTIMIZATION_LEVEL = "-O";
				VALIDATE_PRODUCT = YES;
			};
			name = Release;
		};
		7B41BBA326A3F2A200477D34 /* Debug */ = {
			isa = XCBuildConfiguration;
			buildSettings = {
				ASSETCATALOG_COMPILER_APPICON_NAME = AppIcon;
				ASSETCATALOG_COMPILER_GLOBAL_ACCENT_COLOR_NAME = AccentColor;
				CODE_SIGN_STYLE = Automatic;
				INFOPLIST_FILE = Sparkles/Info.plist;
				LD_RUNPATH_SEARCH_PATHS = (
					"$(inherited)",
					"@executable_path/Frameworks",
				);
				PRODUCT_BUNDLE_IDENTIFIER = com.codewithkyo.Sparkles;
				PRODUCT_NAME = "$(TARGET_NAME)";
				SWIFT_VERSION = 5.0;
				TARGETED_DEVICE_FAMILY = "1,2";
			};
			name = Debug;
		};
		7B41BBA426A3F2A200477D34 /* Release */ = {
			isa = XCBuildConfiguration;
			buildSettings = {
				ASSETCATALOG_COMPILER_APPICON_NAME = AppIcon;
				ASSETCATALOG_COMPILER_GLOBAL_ACCENT_COLOR_NAME = AccentColor;
				CODE_SIGN_STYLE = Automatic;
				INFOPLIST_FILE = Sparkles/Info.plist;
				LD_RUNPATH_SEARCH_PATHS = (
					"$(inherited)",
					"@executable_path/Frameworks",
				);
				PRODUCT_BUNDLE_IDENTIFIER = com.codewithkyo.Sparkles;
				PRODUCT_NAME = "$(TARGET_NAME)";
				SWIFT_VERSION = 5.0;
				TARGETED_DEVICE_FAMILY = "1,2";
			};
			name = Release;
		};
/* End XCBuildConfiguration section */

/* Begin XCConfigurationList section */
		7B41BB8926A3F29F00477D34 /* Build configuration list for PBXProject "Sparkles" */ = {
			isa = XCConfigurationList;
			buildConfigurations = (
				7B41BBA026A3F2A200477D34 /* Debug */,
				7B41BBA126A3F2A200477D34 /* Release */,
			);
			defaultConfigurationIsVisible = 0;
			defaultConfigurationName = Release;
		};
		7B41BBA226A3F2A200477D34 /* Build configuration list for PBXNativeTarget "Sparkles" */ = {
			isa = XCConfigurationList;
			buildConfigurations = (
				7B41BBA326A3F2A200477D34 /* Debug */,
				7B41BBA426A3F2A200477D34 /* Release */,
			);
			defaultConfigurationIsVisible = 0;
			defaultConfigurationName = Release;
		};
/* End XCConfigurationList section */
	};
	rootObject = 7B41BB8626A3F29F00477D34 /* Project object */;
}
